<?xml version="1.0" encoding="utf-8"?>
<Project ToolsVersion="4.0" xmlns="http://schemas.microsoft.com/developer/msbuild/2003">
  <ItemGroup>
    <Filter Include="Source">
      <UniqueIdentifier>{90896e44-2786-41ab-bb9d-7e6589637206}</UniqueIdentifier>
    </Filter>
    <Filter Include="Source\Apparition">
      <UniqueIdentifier>{a09978c7-02ab-445a-8f8a-5885f4eb0bf4}</UniqueIdentifier>
    </Filter>
    <Filter Include="Source\Apparition\Internal">
      <UniqueIdentifier>{239d2a56-6666-4aa5-a37c-48eb1896c9fd}</UniqueIdentifier>
    </Filter>
  </ItemGroup>
  <ItemGroup>
    <ClInclude Include="..\..\Source\Apparition\Apparition\Device.h">
      <Filter>Source\Apparition</Filter>
    </ClInclude>
    <ClInclude Include="..\..\Source\Apparition\Apparition\Internal\DeviceManager.h">
      <Filter>Source\Apparition\Internal</Filter>
    </ClInclude>
    <ClInclude Include="..\..\Source\Apparition\Apparition\Internal\VulkanInfos.h">
      <Filter>Source\Apparition\Internal</Filter>
    </ClInclude>
    <ClInclude Include="..\..\Source\Apparition\Apparition\Internal\VulkanDefinitions.h">
      <Filter>Source\Apparition\Internal</Filter>
    </ClInclude>
    <ClInclude Include="..\..\Source\Apparition\Apparition\ApparitionCore.h">
      <Filter>Source\Apparition</Filter>
    </ClInclude>
    <ClInclude Include="..\..\Source\Apparition\Apparition\EnumDefinitions.h">
      <Filter>Source\Apparition</Filter>
    </ClInclude>
    <ClInclude Include="..\..\Source\Apparition\Apparition\Internal\ApparitionInternals.h">
      <Filter>Source\Apparition\Internal</Filter>
    </ClInclude>
    <ClInclude Include="..\..\Source\Apparition\Apparition\Backbuffer.h">
      <Filter>Source\Apparition</Filter>
    </ClInclude>
    <ClInclude Include="..\..\Source\Apparition\Apparition\ImageDescription.h">
      <Filter>Source\Apparition</Filter>
    </ClInclude>
    <ClInclude Include="..\..\Source\Apparition\Apparition\Internal\ImageFormatConversion.h">
      <Filter>Source\Apparition\Internal</Filter>
    </ClInclude>
    <ClInclude Include="..\..\Source\Apparition\Apparition\CommandBuffer.h">
      <Filter>Source\Apparition</Filter>
    </ClInclude>
    <ClInclude Include="..\..\Source\Apparition\Apparition\Internal\HandleDefinitions.h">
      <Filter>Source\Apparition\Internal</Filter>
    </ClInclude>
    <ClInclude Include="..\..\Source\Apparition\Apparition\Internal\HandlePool.h">
      <Filter>Source\Apparition\Internal</Filter>
    </ClInclude>
    <ClInclude Include="..\..\Source\Apparition\Apparition\Buffer.h">
      <Filter>Source\Apparition</Filter>
    </ClInclude>
    <ClInclude Include="..\..\Source\Apparition\Apparition\BufferDescription.h">
      <Filter>Source\Apparition</Filter>
    </ClInclude>
    <ClInclude Include="..\..\Source\Apparition\Apparition\Pipeline.h">
      <Filter>Source\Apparition</Filter>
    </ClInclude>
    <ClInclude Include="..\..\Source\Apparition\Apparition\CommandBufferCommands.h">
      <Filter>Source\Apparition</Filter>
    </ClInclude>
    <ClInclude Include="..\..\Source\Apparition\Apparition\Queue.h">
      <Filter>Source\Apparition</Filter>
    </ClInclude>
    <ClInclude Include="..\..\Source\Apparition\Apparition\Synchronization.h">
      <Filter>Source\Apparition</Filter>
    </ClInclude>
    <ClInclude Include="..\..\Source\Apparition\Apparition\RenderingDescription.h">
      <Filter>Source\Apparition</Filter>
    </ClInclude>
    <ClInclude Include="..\..\Source\Apparition\Apparition\Internal\Conversions.h">
      <Filter>Source\Apparition\Internal</Filter>
    </ClInclude>
    <ClInclude Include="..\..\Source\Apparition\Apparition\DescriptorSet.h">
      <Filter>Source\Apparition</Filter>
    </ClInclude>
    <ClInclude Include="..\..\Source\Apparition\Apparition\Image.h">
      <Filter>Source\Apparition</Filter>
    </ClInclude>
    <ClInclude Include="..\..\Source\Apparition\Apparition\DescriptorHeap.h">
      <Filter>Source\Apparition</Filter>
    </ClInclude>
    <ClInclude Include="..\..\Source\Apparition\Apparition\PipelineStateDefinitions.h">
      <Filter>Source\Apparition</Filter>
    </ClInclude>
    <ClInclude Include="..\..\Source\Apparition\Apparition\DeviceLimits.h">
      <Filter>Source\Apparition</Filter>
    </ClInclude>
  </ItemGroup>
  <ItemGroup>
    <ClCompile Include="..\..\Source\Apparition\Apparition\Device.cpp">
      <Filter>Source\Apparition</Filter>
    </ClCompile>
    <ClCompile Include="..\..\Source\Apparition\Apparition\Internal\DeviceManager.cpp">
      <Filter>Source\Apparition\Internal</Filter>
    </ClCompile>
    <ClCompile Include="..\..\Source\Apparition\Apparition\Internal\VulkanInfos.cpp">
      <Filter>Source\Apparition\Internal</Filter>
    </ClCompile>
    <ClCompile Include="..\..\Source\Apparition\Apparition\ApparitionCore.cpp">
      <Filter>Source\Apparition</Filter>
    </ClCompile>
    <ClCompile Include="..\..\Source\Apparition\Apparition\Internal\ApparitionInternals.cpp">
      <Filter>Source\Apparition\Internal</Filter>
    </ClCompile>
    <ClCompile Include="..\..\Source\Apparition\Apparition\Backbuffer.cpp">
      <Filter>Source\Apparition</Filter>
    </ClCompile>
    <ClCompile Include="..\..\Source\Apparition\Apparition\Internal\DeviceManager_Backbuffer.cpp">
      <Filter>Source\Apparition\Internal</Filter>
    </ClCompile>
    <ClCompile Include="..\..\Source\Apparition\Apparition\Internal\ImageFormatConversion.cpp">
      <Filter>Source\Apparition\Internal</Filter>
    </ClCompile>
    <ClCompile Include="..\..\Source\Apparition\Apparition\CommandBuffer.cpp">
      <Filter>Source\Apparition</Filter>
    </ClCompile>
    <ClCompile Include="..\..\Source\Apparition\Apparition\Internal\HandlePool.cpp">
      <Filter>Source\Apparition\Internal</Filter>
    </ClCompile>
    <ClCompile Include="..\..\Source\Apparition\Apparition\Buffer.cpp">
      <Filter>Source\Apparition</Filter>
    </ClCompile>
    <ClCompile Include="..\..\Source\Apparition\Apparition\Internal\DeviceManager_Resources.cpp">
      <Filter>Source\Apparition\Internal</Filter>
    </ClCompile>
    <ClCompile Include="..\..\Source\Apparition\Apparition\CommandBufferCommands.cpp">
      <Filter>Source\Apparition</Filter>
    </ClCompile>
    <ClCompile Include="..\..\Source\Apparition\Apparition\Queue.cpp">
      <Filter>Source\Apparition</Filter>
    </ClCompile>
    <ClCompile Include="..\..\Source\Apparition\Apparition\DescriptorSet.cpp">
      <Filter>Source\Apparition</Filter>
    </ClCompile>
    <ClCompile Include="..\..\Source\Apparition\Apparition\Image.cpp">
      <Filter>Source\Apparition</Filter>
    </ClCompile>
    <ClCompile Include="..\..\Source\Apparition\Apparition\Pipeline.cpp">
      <Filter>Source\Apparition</Filter>
    </ClCompile>
    <ClCompile Include="..\..\Source\Apparition\Apparition\Internal\DeviceManager_Pipeline.cpp">
      <Filter>Source\Apparition\Internal</Filter>
    </ClCompile>
    <ClCompile Include="..\..\Source\Apparition\Apparition\Internal\DeviceManager_DescriptorSet.cpp">
      <Filter>Source\Apparition\Internal</Filter>
    </ClCompile>
  </ItemGroup>
</Project>