<?xml version="1.0" encoding="utf-8"?>
<Project ToolsVersion="4.0" xmlns="http://schemas.microsoft.com/developer/msbuild/2003">
  <ItemGroup>
    <Filter Include="Source">
      <UniqueIdentifier>{4FC737F1-C7A5-4376-A066-2A32D752A2FF}</UniqueIdentifier>
      <Extensions>cpp;c;cc;cxx;c++;cppm;ixx;def;odl;idl;hpj;bat;asm;asmx</Extensions>
    </Filter>
    <Filter Include="Source\Window">
      <UniqueIdentifier>{8315f944-324f-4628-9858-9e7dd0993943}</UniqueIdentifier>
    </Filter>
    <Filter Include="Source\glTFModel">
      <UniqueIdentifier>{15f5cea4-e1c2-4ebe-9ef8-e18128a96bc6}</UniqueIdentifier>
    </Filter>
    <Filter Include="Source\glTFModel\ktx">
      <UniqueIdentifier>{1a423b7e-832c-4144-83ce-021b15710999}</UniqueIdentifier>
    </Filter>
    <Filter Include="Source\Examples">
      <UniqueIdentifier>{e65040b6-1c87-4fcf-a9a2-eeba18ce5c5b}</UniqueIdentifier>
    </Filter>
    <Filter Include="Source\Examples\Base">
      <UniqueIdentifier>{8f6a661b-0b04-4c1c-a044-d5752829ed2b}</UniqueIdentifier>
    </Filter>
    <Filter Include="Source\Examples\Base\Shaders">
      <UniqueIdentifier>{016b075d-bad3-4e72-98cf-f0f24c070beb}</UniqueIdentifier>
    </Filter>
    <Filter Include="Source\Examples\DescriptorSets">
      <UniqueIdentifier>{dcadce47-8612-4919-8790-bba45758436a}</UniqueIdentifier>
    </Filter>
    <Filter Include="Source\Examples\DescriptorSets\Shaders">
      <UniqueIdentifier>{02b2eefd-97ed-4c6c-9b22-bddfbc953241}</UniqueIdentifier>
    </Filter>
    <Filter Include="Source\Examples\DescriptorHeap">
      <UniqueIdentifier>{ea714653-ec6f-47f3-a1dc-190e18f76c28}</UniqueIdentifier>
    </Filter>
    <Filter Include="Source\Examples\DescriptorHeap\Shaders">
      <UniqueIdentifier>{9831d314-e521-43cf-a710-a97f1d5fcc09}</UniqueIdentifier>
    </Filter>
  </ItemGroup>
  <ItemGroup>
    <ClCompile Include="..\..\Source\Sandbox\glTFModel\VulkanglTFModel.cpp">
      <Filter>Source\glTFModel</Filter>
    </ClCompile>
    <ClCompile Include="..\..\ThirdParty\include\ktx\lib\hashlist.c">
      <Filter>Source\glTFModel\ktx</Filter>
    </ClCompile>
    <ClCompile Include="..\..\ThirdParty\include\ktx\lib\memstream.c">
      <Filter>Source\glTFModel\ktx</Filter>
    </ClCompile>
    <ClCompile Include="..\..\ThirdParty\include\ktx\lib\swap.c">
      <Filter>Source\glTFModel\ktx</Filter>
    </ClCompile>
    <ClCompile Include="..\..\ThirdParty\include\ktx\lib\texture.c">
      <Filter>Source\glTFModel\ktx</Filter>
    </ClCompile>
    <ClCompile Include="..\..\ThirdParty\include\ktx\lib\vkloader.c">
      <Filter>Source\glTFModel\ktx</Filter>
    </ClCompile>
    <ClCompile Include="..\..\ThirdParty\include\ktx\lib\checkheader.c">
      <Filter>Source\glTFModel\ktx</Filter>
    </ClCompile>
    <ClCompile Include="..\..\ThirdParty\include\ktx\lib\filestream.c">
      <Filter>Source\glTFModel\ktx</Filter>
    </ClCompile>
    <ClCompile Include="..\..\Source\Sandbox\Window\Window.cpp">
      <Filter>Source\Window</Filter>
    </ClCompile>
    <ClCompile Include="..\..\Source\Sandbox\Examples\Base\Base.cpp">
      <Filter>Source\Examples\Base</Filter>
    </ClCompile>
    <ClCompile Include="..\..\Source\Sandbox\Sandbox.cpp">
      <Filter>Source</Filter>
    </ClCompile>
    <ClCompile Include="..\..\Source\Sandbox\Examples\DescriptorSets\DescriptorSets.cpp">
      <Filter>Source\Examples\DescriptorSets</Filter>
    </ClCompile>
    <ClCompile Include="..\..\Source\Sandbox\glTFModel\VulkanTexture.cpp">
      <Filter>Source\glTFModel</Filter>
    </ClCompile>
    <ClCompile Include="..\..\Source\Sandbox\Examples\DescriptorHeaps\DescriptorHeaps.cpp">
      <Filter>Source\Examples\DescriptorHeap</Filter>
    </ClCompile>
  </ItemGroup>
  <ItemGroup>
    <ClInclude Include="..\..\Source\Sandbox\glTFModel\VulkanglTFModel.h">
      <Filter>Source\glTFModel</Filter>
    </ClInclude>
    <ClInclude Include="..\..\Source\Sandbox\Examples\ExampleCore.h">
      <Filter>Source\Examples</Filter>
    </ClInclude>
    <ClInclude Include="..\..\Source\Sandbox\Window\Window.h">
      <Filter>Source\Window</Filter>
    </ClInclude>
    <ClInclude Include="..\..\Source\Sandbox\Examples\Base\Base.h">
      <Filter>Source\Examples\Base</Filter>
    </ClInclude>
    <ClInclude Include="..\..\Source\Sandbox\Examples\DescriptorSets\DescriptorSets.h">
      <Filter>Source\Examples\DescriptorSets</Filter>
    </ClInclude>
    <ClInclude Include="..\..\Source\Sandbox\glTFModel\VulkanTexture.h">
      <Filter>Source\glTFModel</Filter>
    </ClInclude>
    <ClInclude Include="..\..\Source\Sandbox\Examples\DescriptorHeaps\DescriptorHeaps.h">
      <Filter>Source\Examples\DescriptorHeap</Filter>
    </ClInclude>
  </ItemGroup>
  <ItemGroup>
    <None Include="..\..\Assets\Shaders\Base\base.frag">
      <Filter>Source\Examples\Base\Shaders</Filter>
    </None>
    <None Include="..\..\Assets\Shaders\Base\base.vert">
      <Filter>Source\Examples\Base\Shaders</Filter>
    </None>
    <None Include="..\..\Assets\Shaders\DescriptorSets\cube.frag">
      <Filter>Source\Examples\DescriptorSets\Shaders</Filter>
    </None>
    <None Include="..\..\Assets\Shaders\DescriptorSets\cube.vert">
      <Filter>Source\Examples\DescriptorSets\Shaders</Filter>
    </None>
    <None Include="..\..\Assets\Shaders\DescriptorHeaps\cube.frag">
      <Filter>Source\Examples\DescriptorHeap\Shaders</Filter>
    </None>
    <None Include="..\..\Assets\Shaders\DescriptorHeaps\cube.vert">
      <Filter>Source\Examples\DescriptorHeap\Shaders</Filter>
    </None>
  </ItemGroup>
</Project>